
Microsoft Visual Studio Solution File, Format Version 12.00
# Visual Studio Version 17
VisualStudioVersion = 17.10.35013.160
MinimumVisualStudioVersion = 10.0.40219.1
Project("{FAE04EC0-301F-11D3-BF4B-00C04F79EFBC}") = "ArazWin", "ArazWin\ArazWin.csproj", "{C86D8632-BDB9-4611-89E9-E580D7FACB89}"
EndProject
Project("{FAE04EC0-301F-11D3-BF4B-00C04F79EFBC}") = "Araz_Form", "Araz_Form\Araz_Form.csproj", "{F9D13464-5A7D-4C44-9821-5E9AA6060D70}"
EndProject
Project("{FAE04EC0-301F-11D3-BF4B-00C04F79EFBC}") = "Araz_ViewModel", "Araz_ViewModel\Araz_ViewModel.csproj", "{3402047B-B73B-4DB1-BE7F-B49B93BBE5AE}"
EndProject
Project("{FAE04EC0-301F-11D3-BF4B-00C04F79EFBC}") = "Araz_Repository", "Araz_Repository\Araz_Repository.csproj", "{ED1B5E81-B344-483A-8E97-BF568D76751D}"
EndProject
Project("{FAE04EC0-301F-11D3-BF4B-00C04F79EFBC}") = "Araz_Utilities", "Araz_Utilities\Araz_Utilities.csproj", "{D6C711C6-B1F7-4033-A5C1-2F1D7408D843}"
EndProject
Project("{FAE04EC0-301F-11D3-BF4B-00C04F79EFBC}") = "ArazAPI", "ArazAPI\ArazAPI.csproj", "{F8183CF2-CE92-4A46-8F08-26E4319446B2}"
EndProject
Global
	GlobalSection(SolutionConfigurationPlatforms) = preSolution
		Debug|Any CPU = Debug|Any CPU
		Release|Any CPU = Release|Any CPU
	EndGlobalSection
	GlobalSection(ProjectConfigurationPlatforms) = postSolution
		{C86D8632-BDB9-4611-89E9-E580D7FACB89}.Debug|Any CPU.ActiveCfg = Debug|Any CPU
		{C86D8632-BDB9-4611-89E9-E580D7FACB89}.Debug|Any CPU.Build.0 = Debug|Any CPU
		{C86D8632-BDB9-4611-89E9-E580D7FACB89}.Release|Any CPU.ActiveCfg = Release|Any CPU
		{C86D8632-BDB9-4611-89E9-E580D7FACB89}.Release|Any CPU.Build.0 = Release|Any CPU
		{F9D13464-5A7D-4C44-9821-5E9AA6060D70}.Debug|Any CPU.ActiveCfg = Debug|Any CPU
		{F9D13464-5A7D-4C44-9821-5E9AA6060D70}.Debug|Any CPU.Build.0 = Debug|Any CPU
		{F9D13464-5A7D-4C44-9821-5E9AA6060D70}.Release|Any CPU.ActiveCfg = Release|Any CPU
		{F9D13464-5A7D-4C44-9821-5E9AA6060D70}.Release|Any CPU.Build.0 = Release|Any CPU
		{3402047B-B73B-4DB1-BE7F-B49B93BBE5AE}.Debug|Any CPU.ActiveCfg = Debug|Any CPU
		{3402047B-B73B-4DB1-BE7F-B49B93BBE5AE}.Debug|Any CPU.Build.0 = Debug|Any CPU
		{3402047B-B73B-4DB1-BE7F-B49B93BBE5AE}.Release|Any CPU.ActiveCfg = Release|Any CPU
		{3402047B-B73B-4DB1-BE7F-B49B93BBE5AE}.Release|Any CPU.Build.0 = Release|Any CPU
		{ED1B5E81-B344-483A-8E97-BF568D76751D}.Debug|Any CPU.ActiveCfg = Debug|Any CPU
		{ED1B5E81-B344-483A-8E97-BF568D76751D}.Debug|Any CPU.Build.0 = Debug|Any CPU
		{ED1B5E81-B344-483A-8E97-BF568D76751D}.Release|Any CPU.ActiveCfg = Release|Any CPU
		{ED1B5E81-B344-483A-8E97-BF568D76751D}.Release|Any CPU.Build.0 = Release|Any CPU
		{D6C711C6-B1F7-4033-A5C1-2F1D7408D843}.Debug|Any CPU.ActiveCfg = Debug|Any CPU
		{D6C711C6-B1F7-4033-A5C1-2F1D7408D843}.Debug|Any CPU.Build.0 = Debug|Any CPU
		{D6C711C6-B1F7-4033-A5C1-2F1D7408D843}.Release|Any CPU.ActiveCfg = Release|Any CPU
		{D6C711C6-B1F7-4033-A5C1-2F1D7408D843}.Release|Any CPU.Build.0 = Release|Any CPU
		{F8183CF2-CE92-4A46-8F08-26E4319446B2}.Debug|Any CPU.ActiveCfg = Debug|Any CPU
		{F8183CF2-CE92-4A46-8F08-26E4319446B2}.Debug|Any CPU.Build.0 = Debug|Any CPU
		{F8183CF2-CE92-4A46-8F08-26E4319446B2}.Release|Any CPU.ActiveCfg = Release|Any CPU
		{F8183CF2-CE92-4A46-8F08-26E4319446B2}.Release|Any CPU.Build.0 = Release|Any CPU
	EndGlobalSection
	GlobalSection(SolutionProperties) = preSolution
		HideSolutionNode = FALSE
	EndGlobalSection
	GlobalSection(ExtensibilityGlobals) = postSolution
		SolutionGuid = {06265570-4763-4DE6-8CAD-4FA3939F3452}
	EndGlobalSection
EndGlobal
